
Microsoft Visual Studio Solution File, Format Version 12.00
# Visual Studio Version 17
VisualStudioVersion = 17.1.32210.238
MinimumVisualStudioVersion = 10.0.40219.1
Project("{FAE04EC0-301F-11D3-BF4B-00C04F79EFBC}") = "modul7_1302201135", "modul7_1302201135\modul7_1302201135.csproj", "{2766B4A3-6EFA-4115-BD69-A1468920C465}"
EndProject
Global
	GlobalSection(SolutionConfigurationPlatforms) = preSolution
		Debug|Any CPU = Debug|Any CPU
		Release|Any CPU = Release|Any CPU
	EndGlobalSection
	GlobalSection(ProjectConfigurationPlatforms) = postSolution
		{2766B4A3-6EFA-4115-BD69-A1468920C465}.Debug|Any CPU.ActiveCfg = Debug|Any CPU
		{2766B4A3-6EFA-4115-BD69-A1468920C465}.Debug|Any CPU.Build.0 = Debug|Any CPU
		{2766B4A3-6EFA-4115-BD69-A1468920C465}.Release|Any CPU.ActiveCfg = Release|Any CPU
		{2766B4A3-6EFA-4115-BD69-A1468920C465}.Release|Any CPU.Build.0 = Release|Any CPU
	EndGlobalSection
	GlobalSection(SolutionProperties) = preSolution
		HideSolutionNode = FALSE
	EndGlobalSection
	GlobalSection(ExtensibilityGlobals) = postSolution
		SolutionGuid = {3F5B2D25-AD52-4A96-83B7-C70CCC7AEA67}
	EndGlobalSection
EndGlobal
